
Microsoft Visual Studio Solution File, Format Version 12.00
# Visual Studio 2013
VisualStudioVersion = 12.0.30501.0
MinimumVisualStudioVersion = 10.0.40219.1
Project("{888888A0-9F3D-457C-B088-3A5042F75D52}") = "Proj1", "Proj1.pyproj", "{EE03E7DA-00D2-40B9-8DB2-50D7C5A1D503}"
EndProject
Global
	GlobalSection(SolutionConfigurationPlatforms) = preSolution
		Debug|Any CPU = Debug|Any CPU
		Release|Any CPU = Release|Any CPU
	EndGlobalSection
	GlobalSection(ProjectConfigurationPlatforms) = postSolution
		{EE03E7DA-00D2-40B9-8DB2-50D7C5A1D503}.Debug|Any CPU.ActiveCfg = Debug|Any CPU
		{EE03E7DA-00D2-40B9-8DB2-50D7C5A1D503}.Debug|Any CPU.Build.0 = Debug|Any CPU
		{EE03E7DA-00D2-40B9-8DB2-50D7C5A1D503}.Release|Any CPU.ActiveCfg = Release|Any CPU
		{EE03E7DA-00D2-40B9-8DB2-50D7C5A1D503}.Release|Any CPU.Build.0 = Release|Any CPU
	EndGlobalSection
	GlobalSection(SolutionProperties) = preSolution
		HideSolutionNode = FALSE
	EndGlobalSection
EndGlobal
